
Microsoft Visual Studio Solution File, Format Version 12.00
# Visual Studio Version 16
VisualStudioVersion = 16.0.30611.23
MinimumVisualStudioVersion = 10.0.40219.1
Project("{FAE04EC0-301F-11D3-BF4B-00C04F79EFBC}") = "TargetSumExists", "TargetSumExists\TargetSumExists.csproj", "{3CC02606-3BFE-4A17-871F-5C5495B804A5}"
EndProject
Global
	GlobalSection(SolutionConfigurationPlatforms) = preSolution
		Debug|Any CPU = Debug|Any CPU
		Release|Any CPU = Release|Any CPU
	EndGlobalSection
	GlobalSection(ProjectConfigurationPlatforms) = postSolution
		{3CC02606-3BFE-4A17-871F-5C5495B804A5}.Debug|Any CPU.ActiveCfg = Debug|Any CPU
		{3CC02606-3BFE-4A17-871F-5C5495B804A5}.Debug|Any CPU.Build.0 = Debug|Any CPU
		{3CC02606-3BFE-4A17-871F-5C5495B804A5}.Release|Any CPU.ActiveCfg = Release|Any CPU
		{3CC02606-3BFE-4A17-871F-5C5495B804A5}.Release|Any CPU.Build.0 = Release|Any CPU
	EndGlobalSection
	GlobalSection(SolutionProperties) = preSolution
		HideSolutionNode = FALSE
	EndGlobalSection
	GlobalSection(ExtensibilityGlobals) = postSolution
		SolutionGuid = {B3E3C063-24EC-4CBA-8F21-785BDDAC7F1E}
	EndGlobalSection
EndGlobal
